
Microsoft Visual Studio Solution File, Format Version 12.00
# Visual Studio 15
VisualStudioVersion = 15.0.26228.0
MinimumVisualStudioVersion = 10.0.40219.1
Project("{9A19103F-16F7-4668-BE54-9A1E7A4F7556}") = "final", "final.csproj", "{1FE69079-3CF6-4944-9071-B9156C525474}"
EndProject
Project("{9A19103F-16F7-4668-BE54-9A1E7A4F7556}") = "ContactManager", "..\starter2\ContactManager.csproj", "{A0F31FFF-152A-42DC-9364-6FB38876E7A3}"
EndProject
Global
	GlobalSection(SolutionConfigurationPlatforms) = preSolution
		Debug|Any CPU = Debug|Any CPU
		Release|Any CPU = Release|Any CPU
	EndGlobalSection
	GlobalSection(ProjectConfigurationPlatforms) = postSolution
		{1FE69079-3CF6-4944-9071-B9156C525474}.Debug|Any CPU.ActiveCfg = Debug|Any CPU
		{1FE69079-3CF6-4944-9071-B9156C525474}.Debug|Any CPU.Build.0 = Debug|Any CPU
		{1FE69079-3CF6-4944-9071-B9156C525474}.Release|Any CPU.ActiveCfg = Release|Any CPU
		{1FE69079-3CF6-4944-9071-B9156C525474}.Release|Any CPU.Build.0 = Release|Any CPU
		{A0F31FFF-152A-42DC-9364-6FB38876E7A3}.Debug|Any CPU.ActiveCfg = Debug|Any CPU
		{A0F31FFF-152A-42DC-9364-6FB38876E7A3}.Debug|Any CPU.Build.0 = Debug|Any CPU
		{A0F31FFF-152A-42DC-9364-6FB38876E7A3}.Release|Any CPU.ActiveCfg = Release|Any CPU
		{A0F31FFF-152A-42DC-9364-6FB38876E7A3}.Release|Any CPU.Build.0 = Release|Any CPU
	EndGlobalSection
	GlobalSection(SolutionProperties) = preSolution
		HideSolutionNode = FALSE
	EndGlobalSection
	GlobalSection(ExtensibilityGlobals) = postSolution
		SolutionGuid = {B940B454-33BB-44A7-928E-9062EF39343D}
	EndGlobalSection
EndGlobal
